
Microsoft Visual Studio Solution File, Format Version 12.00
# Visual Studio 15
Project("{FAE04EC0-301F-11D3-BF4B-00C04F79EFBC}") = "Assembly-CSharp", "Assembly-CSharp.csproj", "{F8AF5FB8-B45E-B64B-5790-36DA37C66FE4}"
EndProject
Project("{FAE04EC0-301F-11D3-BF4B-00C04F79EFBC}") = "Assembly-CSharp-Editor", "Assembly-CSharp-Editor.csproj", "{D34BEB13-F487-D035-E3C0-C34DD09E35EC}"
EndProject
Global
	GlobalSection(SolutionConfigurationPlatforms) = preSolution
		Debug|Any CPU = Debug|Any CPU
		Release|Any CPU = Release|Any CPU
	EndGlobalSection
	GlobalSection(ProjectConfigurationPlatforms) = postSolution
		{F8AF5FB8-B45E-B64B-5790-36DA37C66FE4}.Debug|Any CPU.ActiveCfg = Debug|Any CPU
		{F8AF5FB8-B45E-B64B-5790-36DA37C66FE4}.Debug|Any CPU.Build.0 = Debug|Any CPU
		{F8AF5FB8-B45E-B64B-5790-36DA37C66FE4}.Release|Any CPU.ActiveCfg = Release|Any CPU
		{F8AF5FB8-B45E-B64B-5790-36DA37C66FE4}.Release|Any CPU.Build.0 = Release|Any CPU
		{D34BEB13-F487-D035-E3C0-C34DD09E35EC}.Debug|Any CPU.ActiveCfg = Debug|Any CPU
		{D34BEB13-F487-D035-E3C0-C34DD09E35EC}.Debug|Any CPU.Build.0 = Debug|Any CPU
		{D34BEB13-F487-D035-E3C0-C34DD09E35EC}.Release|Any CPU.ActiveCfg = Release|Any CPU
		{D34BEB13-F487-D035-E3C0-C34DD09E35EC}.Release|Any CPU.Build.0 = Release|Any CPU
	EndGlobalSection
	GlobalSection(SolutionProperties) = preSolution
		HideSolutionNode = FALSE
	EndGlobalSection
	GlobalSection(MonoDevelopProperties) = preSolution
		StartupItem = Assembly-CSharp.csproj
	EndGlobalSection
EndGlobal
